
Microsoft Visual Studio Solution File, Format Version 12.00
# Visual Studio Version 17
VisualStudioVersion = 17.2.32519.379
MinimumVisualStudioVersion = 10.0.40219.1
Project("{9A19103F-16F7-4668-BE54-9A1E7A4F7556}") = "alxkurs", "alxkurs\alxkurs.csproj", "{8C6F4FC0-0C28-47AA-A6FB-00EE79A0BB87}"
EndProject
Project("{9A19103F-16F7-4668-BE54-9A1E7A4F7556}") = "ALXCalculator", "ALXCalculator\ALXCalculator.csproj", "{D49A11F4-0221-459B-9C13-3C10F29398D7}"
EndProject
Project("{9A19103F-16F7-4668-BE54-9A1E7A4F7556}") = "AlxCourseHomework", "AlxCourseHomework\AlxCourseHomework.csproj", "{66EEEA0B-026E-469C-9C4C-C708D2130978}"
EndProject
Project("{9A19103F-16F7-4668-BE54-9A1E7A4F7556}") = "CommonFunctionalities", "CommonFunctionalities\CommonFunctionalities.csproj", "{5BF61A37-5C11-4D1A-8A8F-1B0AE895922A}"
EndProject
Project("{9A19103F-16F7-4668-BE54-9A1E7A4F7556}") = "ALXShootingRange", "ALXShootingRange\ALXShootingRange.csproj", "{8581BD18-6AAE-4AB0-A254-1B9C5ABDF1E9}"
EndProject
Project("{9A19103F-16F7-4668-BE54-9A1E7A4F7556}") = "ALXShopApp", "ALXShopApp\ALXShopApp.csproj", "{CBAA5E68-7C86-4E1B-AA0E-7175EB5CEF70}"
EndProject
Project("{2150E333-8FDC-42A3-9474-1A3956D46DE8}") = "FormApps", "FormApps", "{53612B63-F822-4E07-A116-9DC4B851CBCF}"
EndProject
Project("{9A19103F-16F7-4668-BE54-9A1E7A4F7556}") = "FormApp", "FormApp\FormApp.csproj", "{A5DCB09D-7797-4001-B21C-BF20CCD41270}"
EndProject
Project("{2150E333-8FDC-42A3-9474-1A3956D46DE8}") = "Assigments", "Assigments", "{E5C2E1C6-DABE-4760-9583-AD1EC47BCF05}"
EndProject
Project("{9A19103F-16F7-4668-BE54-9A1E7A4F7556}") = "MovingButton", "MovingButton\MovingButton.csproj", "{5F434C83-2585-4077-A7CA-5A2AFDCF6D83}"
EndProject
Project("{9A19103F-16F7-4668-BE54-9A1E7A4F7556}") = "CalculatorFormApp", "CalculatorFormApp\CalculatorFormApp.csproj", "{65939392-8C8A-4B27-B7E3-7C32E8CF1786}"
EndProject
Project("{2150E333-8FDC-42A3-9474-1A3956D46DE8}") = "ConsoleApps", "ConsoleApps", "{9BBDA002-4B74-41CD-A626-76D962119693}"
EndProject
Project("{9A19103F-16F7-4668-BE54-9A1E7A4F7556}") = "CalculatorConsole", "CalculatorConsole\CalculatorConsole.csproj", "{7E87BFFE-B862-4445-8A0F-E3A5DE6A0D93}"
EndProject
Project("{9A19103F-16F7-4668-BE54-9A1E7A4F7556}") = "LottoFormapp", "LottoFormapp\LottoFormapp.csproj", "{65852E2B-2743-4D44-BD9F-B0327DC4E0FF}"
EndProject
Project("{2150E333-8FDC-42A3-9474-1A3956D46DE8}") = "DBInteraction", "DBInteraction", "{7192178C-A80B-482D-BCF7-8F641F60B0FB}"
EndProject
Project("{9A19103F-16F7-4668-BE54-9A1E7A4F7556}") = "ADODemoConsoleApp", "ADODemoConsoleApp\ADODemoConsoleApp.csproj", "{5AD72AB8-E23C-48FB-8F85-67F931FB9D72}"
EndProject
Project("{2150E333-8FDC-42A3-9474-1A3956D46DE8}") = "BookLibraryHomework", "BookLibraryHomework", "{AFF5CA64-3867-4648-833B-76007117AB66}"
EndProject
Project("{9A19103F-16F7-4668-BE54-9A1E7A4F7556}") = "BookLibrary", "BookLibrary\BookLibrary.csproj", "{675BDE06-DEF6-460E-A042-85F48D4483E6}"
EndProject
Project("{2150E333-8FDC-42A3-9474-1A3956D46DE8}") = "InvoiceDBInteraction", "InvoiceDBInteraction", "{52409E96-01E2-462F-BE1A-E557A966C4D1}"
EndProject
Project("{FAE04EC0-301F-11D3-BF4B-00C04F79EFBC}") = "InvoicePlatform", "InvoicePlatform\InvoicePlatform.csproj", "{3DD6CA64-6230-40CA-81F4-6C65295A4572}"
EndProject
Project("{2150E333-8FDC-42A3-9474-1A3956D46DE8}") = "WebApps", "WebApps", "{0E777096-0572-4CED-AD2F-06F926B09F9C}"
EndProject
Project("{FAE04EC0-301F-11D3-BF4B-00C04F79EFBC}") = "HttpClientShowcase", "HttpClientShowcase\HttpClientShowcase.csproj", "{81D88288-70A0-4463-B6B0-1C8267D6F643}"
EndProject
Global
	GlobalSection(SolutionConfigurationPlatforms) = preSolution
		Debug|Any CPU = Debug|Any CPU
		Release|Any CPU = Release|Any CPU
	EndGlobalSection
	GlobalSection(ProjectConfigurationPlatforms) = postSolution
		{8C6F4FC0-0C28-47AA-A6FB-00EE79A0BB87}.Debug|Any CPU.ActiveCfg = Debug|Any CPU
		{8C6F4FC0-0C28-47AA-A6FB-00EE79A0BB87}.Debug|Any CPU.Build.0 = Debug|Any CPU
		{8C6F4FC0-0C28-47AA-A6FB-00EE79A0BB87}.Release|Any CPU.ActiveCfg = Release|Any CPU
		{8C6F4FC0-0C28-47AA-A6FB-00EE79A0BB87}.Release|Any CPU.Build.0 = Release|Any CPU
		{D49A11F4-0221-459B-9C13-3C10F29398D7}.Debug|Any CPU.ActiveCfg = Debug|Any CPU
		{D49A11F4-0221-459B-9C13-3C10F29398D7}.Debug|Any CPU.Build.0 = Debug|Any CPU
		{D49A11F4-0221-459B-9C13-3C10F29398D7}.Release|Any CPU.ActiveCfg = Release|Any CPU
		{D49A11F4-0221-459B-9C13-3C10F29398D7}.Release|Any CPU.Build.0 = Release|Any CPU
		{66EEEA0B-026E-469C-9C4C-C708D2130978}.Debug|Any CPU.ActiveCfg = Debug|Any CPU
		{66EEEA0B-026E-469C-9C4C-C708D2130978}.Debug|Any CPU.Build.0 = Debug|Any CPU
		{66EEEA0B-026E-469C-9C4C-C708D2130978}.Release|Any CPU.ActiveCfg = Release|Any CPU
		{66EEEA0B-026E-469C-9C4C-C708D2130978}.Release|Any CPU.Build.0 = Release|Any CPU
		{5BF61A37-5C11-4D1A-8A8F-1B0AE895922A}.Debug|Any CPU.ActiveCfg = Debug|Any CPU
		{5BF61A37-5C11-4D1A-8A8F-1B0AE895922A}.Debug|Any CPU.Build.0 = Debug|Any CPU
		{5BF61A37-5C11-4D1A-8A8F-1B0AE895922A}.Release|Any CPU.ActiveCfg = Release|Any CPU
		{5BF61A37-5C11-4D1A-8A8F-1B0AE895922A}.Release|Any CPU.Build.0 = Release|Any CPU
		{8581BD18-6AAE-4AB0-A254-1B9C5ABDF1E9}.Debug|Any CPU.ActiveCfg = Debug|Any CPU
		{8581BD18-6AAE-4AB0-A254-1B9C5ABDF1E9}.Debug|Any CPU.Build.0 = Debug|Any CPU
		{8581BD18-6AAE-4AB0-A254-1B9C5ABDF1E9}.Release|Any CPU.ActiveCfg = Release|Any CPU
		{8581BD18-6AAE-4AB0-A254-1B9C5ABDF1E9}.Release|Any CPU.Build.0 = Release|Any CPU
		{CBAA5E68-7C86-4E1B-AA0E-7175EB5CEF70}.Debug|Any CPU.ActiveCfg = Debug|Any CPU
		{CBAA5E68-7C86-4E1B-AA0E-7175EB5CEF70}.Debug|Any CPU.Build.0 = Debug|Any CPU
		{CBAA5E68-7C86-4E1B-AA0E-7175EB5CEF70}.Release|Any CPU.ActiveCfg = Release|Any CPU
		{CBAA5E68-7C86-4E1B-AA0E-7175EB5CEF70}.Release|Any CPU.Build.0 = Release|Any CPU
		{A5DCB09D-7797-4001-B21C-BF20CCD41270}.Debug|Any CPU.ActiveCfg = Debug|Any CPU
		{A5DCB09D-7797-4001-B21C-BF20CCD41270}.Debug|Any CPU.Build.0 = Debug|Any CPU
		{A5DCB09D-7797-4001-B21C-BF20CCD41270}.Release|Any CPU.ActiveCfg = Release|Any CPU
		{A5DCB09D-7797-4001-B21C-BF20CCD41270}.Release|Any CPU.Build.0 = Release|Any CPU
		{5F434C83-2585-4077-A7CA-5A2AFDCF6D83}.Debug|Any CPU.ActiveCfg = Debug|Any CPU
		{5F434C83-2585-4077-A7CA-5A2AFDCF6D83}.Debug|Any CPU.Build.0 = Debug|Any CPU
		{5F434C83-2585-4077-A7CA-5A2AFDCF6D83}.Release|Any CPU.ActiveCfg = Release|Any CPU
		{5F434C83-2585-4077-A7CA-5A2AFDCF6D83}.Release|Any CPU.Build.0 = Release|Any CPU
		{65939392-8C8A-4B27-B7E3-7C32E8CF1786}.Debug|Any CPU.ActiveCfg = Debug|Any CPU
		{65939392-8C8A-4B27-B7E3-7C32E8CF1786}.Debug|Any CPU.Build.0 = Debug|Any CPU
		{65939392-8C8A-4B27-B7E3-7C32E8CF1786}.Release|Any CPU.ActiveCfg = Release|Any CPU
		{65939392-8C8A-4B27-B7E3-7C32E8CF1786}.Release|Any CPU.Build.0 = Release|Any CPU
		{7E87BFFE-B862-4445-8A0F-E3A5DE6A0D93}.Debug|Any CPU.ActiveCfg = Debug|Any CPU
		{7E87BFFE-B862-4445-8A0F-E3A5DE6A0D93}.Debug|Any CPU.Build.0 = Debug|Any CPU
		{7E87BFFE-B862-4445-8A0F-E3A5DE6A0D93}.Release|Any CPU.ActiveCfg = Release|Any CPU
		{7E87BFFE-B862-4445-8A0F-E3A5DE6A0D93}.Release|Any CPU.Build.0 = Release|Any CPU
		{65852E2B-2743-4D44-BD9F-B0327DC4E0FF}.Debug|Any CPU.ActiveCfg = Debug|Any CPU
		{65852E2B-2743-4D44-BD9F-B0327DC4E0FF}.Debug|Any CPU.Build.0 = Debug|Any CPU
		{65852E2B-2743-4D44-BD9F-B0327DC4E0FF}.Release|Any CPU.ActiveCfg = Release|Any CPU
		{65852E2B-2743-4D44-BD9F-B0327DC4E0FF}.Release|Any CPU.Build.0 = Release|Any CPU
		{5AD72AB8-E23C-48FB-8F85-67F931FB9D72}.Debug|Any CPU.ActiveCfg = Debug|Any CPU
		{5AD72AB8-E23C-48FB-8F85-67F931FB9D72}.Debug|Any CPU.Build.0 = Debug|Any CPU
		{5AD72AB8-E23C-48FB-8F85-67F931FB9D72}.Release|Any CPU.ActiveCfg = Release|Any CPU
		{5AD72AB8-E23C-48FB-8F85-67F931FB9D72}.Release|Any CPU.Build.0 = Release|Any CPU
		{675BDE06-DEF6-460E-A042-85F48D4483E6}.Debug|Any CPU.ActiveCfg = Debug|Any CPU
		{675BDE06-DEF6-460E-A042-85F48D4483E6}.Debug|Any CPU.Build.0 = Debug|Any CPU
		{675BDE06-DEF6-460E-A042-85F48D4483E6}.Release|Any CPU.ActiveCfg = Release|Any CPU
		{675BDE06-DEF6-460E-A042-85F48D4483E6}.Release|Any CPU.Build.0 = Release|Any CPU
		{3DD6CA64-6230-40CA-81F4-6C65295A4572}.Debug|Any CPU.ActiveCfg = Debug|Any CPU
		{3DD6CA64-6230-40CA-81F4-6C65295A4572}.Debug|Any CPU.Build.0 = Debug|Any CPU
		{3DD6CA64-6230-40CA-81F4-6C65295A4572}.Release|Any CPU.ActiveCfg = Release|Any CPU
		{3DD6CA64-6230-40CA-81F4-6C65295A4572}.Release|Any CPU.Build.0 = Release|Any CPU
		{81D88288-70A0-4463-B6B0-1C8267D6F643}.Debug|Any CPU.ActiveCfg = Debug|Any CPU
		{81D88288-70A0-4463-B6B0-1C8267D6F643}.Debug|Any CPU.Build.0 = Debug|Any CPU
		{81D88288-70A0-4463-B6B0-1C8267D6F643}.Release|Any CPU.ActiveCfg = Release|Any CPU
		{81D88288-70A0-4463-B6B0-1C8267D6F643}.Release|Any CPU.Build.0 = Release|Any CPU
	EndGlobalSection
	GlobalSection(SolutionProperties) = preSolution
		HideSolutionNode = FALSE
	EndGlobalSection
	GlobalSection(NestedProjects) = preSolution
		{8C6F4FC0-0C28-47AA-A6FB-00EE79A0BB87} = {9BBDA002-4B74-41CD-A626-76D962119693}
		{D49A11F4-0221-459B-9C13-3C10F29398D7} = {9BBDA002-4B74-41CD-A626-76D962119693}
		{66EEEA0B-026E-469C-9C4C-C708D2130978} = {9BBDA002-4B74-41CD-A626-76D962119693}
		{8581BD18-6AAE-4AB0-A254-1B9C5ABDF1E9} = {9BBDA002-4B74-41CD-A626-76D962119693}
		{CBAA5E68-7C86-4E1B-AA0E-7175EB5CEF70} = {9BBDA002-4B74-41CD-A626-76D962119693}
		{A5DCB09D-7797-4001-B21C-BF20CCD41270} = {53612B63-F822-4E07-A116-9DC4B851CBCF}
		{5F434C83-2585-4077-A7CA-5A2AFDCF6D83} = {E5C2E1C6-DABE-4760-9583-AD1EC47BCF05}
		{65939392-8C8A-4B27-B7E3-7C32E8CF1786} = {53612B63-F822-4E07-A116-9DC4B851CBCF}
		{7E87BFFE-B862-4445-8A0F-E3A5DE6A0D93} = {9BBDA002-4B74-41CD-A626-76D962119693}
		{65852E2B-2743-4D44-BD9F-B0327DC4E0FF} = {53612B63-F822-4E07-A116-9DC4B851CBCF}
		{5AD72AB8-E23C-48FB-8F85-67F931FB9D72} = {7192178C-A80B-482D-BCF7-8F641F60B0FB}
		{675BDE06-DEF6-460E-A042-85F48D4483E6} = {AFF5CA64-3867-4648-833B-76007117AB66}
		{3DD6CA64-6230-40CA-81F4-6C65295A4572} = {52409E96-01E2-462F-BE1A-E557A966C4D1}
		{81D88288-70A0-4463-B6B0-1C8267D6F643} = {0E777096-0572-4CED-AD2F-06F926B09F9C}
	EndGlobalSection
	GlobalSection(ExtensibilityGlobals) = postSolution
		SolutionGuid = {36D58A49-332B-4C71-A7FA-104133FC74EE}
	EndGlobalSection
EndGlobal
